// !$*UTF8*$!
{
	archiveVersion = 1;
	classes = {
	};
	objectVersion = 46;
	objects = {

/* Begin PBXBuildFile section */
		371256731CF013F600A7EA2E /* DLRecommendTag.m in Sources */ = {isa = PBXBuildFile; fileRef = 371256721CF013F600A7EA2E /* DLRecommendTag.m */; };
		371256771CF0141400A7EA2E /* DLRecommendTagCell.m in Sources */ = {isa = PBXBuildFile; fileRef = 371256751CF0141400A7EA2E /* DLRecommendTagCell.m */; };
		371256781CF0141400A7EA2E /* DLRecommendTagCell.xib in Resources */ = {isa = PBXBuildFile; fileRef = 371256761CF0141400A7EA2E /* DLRecommendTagCell.xib */; };
		3712567C1CF046DF00A7EA2E /* DLRecommendTagsViewController.m in Sources */ = {isa = PBXBuildFile; fileRef = 3712567A1CF046DF00A7EA2E /* DLRecommendTagsViewController.m */; };
		3712567D1CF046DF00A7EA2E /* DLRecommendTagsViewController.xib in Resources */ = {isa = PBXBuildFile; fileRef = 3712567B1CF046DF00A7EA2E /* DLRecommendTagsViewController.xib */; };
		371256831CF05A1200A7EA2E /* UIView+DLExtension(重写frame的尺寸更改).m in Sources */ = {isa = PBXBuildFile; fileRef = 371256821CF05A1200A7EA2E /* UIView+DLExtension(重写frame的尺寸更改).m */; };
		371339101CEDA50E006F76B1 /* Foundation+DLLog.m in Sources */ = {isa = PBXBuildFile; fileRef = 3713390F1CEDA50E006F76B1 /* Foundation+DLLog.m */; };
		371339131CEDA76A006F76B1 /* DLRecommendUser.m in Sources */ = {isa = PBXBuildFile; fileRef = 371339121CEDA76A006F76B1 /* DLRecommendUser.m */; };
		371339171CEDAD00006F76B1 /* DLRecommendUserCell.m in Sources */ = {isa = PBXBuildFile; fileRef = 371339151CEDAD00006F76B1 /* DLRecommendUserCell.m */; };
		371339181CEDAD00006F76B1 /* DLRecommendUserCell.xib in Resources */ = {isa = PBXBuildFile; fileRef = 371339161CEDAD00006F76B1 /* DLRecommendUserCell.xib */; };
		3733B6D51CEC91260021BA5B /* DLGlobalConst.m in Sources */ = {isa = PBXBuildFile; fileRef = 3733B6D41CEC91260021BA5B /* DLGlobalConst.m */; };
		3733B6D81CEC95640021BA5B /* DLRecommendCategory.m in Sources */ = {isa = PBXBuildFile; fileRef = 3733B6D71CEC95640021BA5B /* DLRecommendCategory.m */; };
		376FA8681CF5420200011595 /* DLTextField.m in Sources */ = {isa = PBXBuildFile; fileRef = 376FA8671CF5420200011595 /* DLTextField.m */; };
		377C7DCE1CF69285006F5405 /* DLGuidanceView.m in Sources */ = {isa = PBXBuildFile; fileRef = 377C7DCD1CF69285006F5405 /* DLGuidanceView.m */; };
		377C7DD01CF6929A006F5405 /* DLGuidanceView.xib in Resources */ = {isa = PBXBuildFile; fileRef = 377C7DCF1CF6929A006F5405 /* DLGuidanceView.xib */; };
		37ACC18A1CEC0C570003B7F8 /* UIBarButtonItem+DLCateogy.m in Sources */ = {isa = PBXBuildFile; fileRef = 37ACC1891CEC0C570003B7F8 /* UIBarButtonItem+DLCateogy.m */; };
		37ACC18F1CEC52B90003B7F8 /* DLNavigationController.m in Sources */ = {isa = PBXBuildFile; fileRef = 37ACC18E1CEC52B90003B7F8 /* DLNavigationController.m */; };
		37ACC1941CEC5B8E0003B7F8 /* DLRecommendViewController.m in Sources */ = {isa = PBXBuildFile; fileRef = 37ACC1931CEC5B8E0003B7F8 /* DLRecommendViewController.m */; };
		37ACC1961CEC5BCC0003B7F8 /* DLFriendTrendsViewController.xib in Resources */ = {isa = PBXBuildFile; fileRef = 37ACC1951CEC5BCC0003B7F8 /* DLFriendTrendsViewController.xib */; };
		37ACC1981CEC5BFE0003B7F8 /* DLRecommendViewController.xib in Resources */ = {isa = PBXBuildFile; fileRef = 37ACC1971CEC5BFE0003B7F8 /* DLRecommendViewController.xib */; };
		37B58D5B1CED61D50006B757 /* DLRecommendCategoryCell.m in Sources */ = {isa = PBXBuildFile; fileRef = 37B58D5A1CED61D50006B757 /* DLRecommendCategoryCell.m */; };
		37B58D5D1CED61E50006B757 /* DLRecommendCategoryCell.xib in Resources */ = {isa = PBXBuildFile; fileRef = 37B58D5C1CED61E50006B757 /* DLRecommendCategoryCell.xib */; };
		37DCC7681CF45A1700E6B52D /* DLLoginController.m in Sources */ = {isa = PBXBuildFile; fileRef = 37DCC7671CF45A1700E6B52D /* DLLoginController.m */; };
		37DCC76A1CF45A3B00E6B52D /* DLLoginController.xib in Resources */ = {isa = PBXBuildFile; fileRef = 37DCC7691CF45A3B00E6B52D /* DLLoginController.xib */; };
		37DCC76D1CF4758800E6B52D /* DLLoginButton.m in Sources */ = {isa = PBXBuildFile; fileRef = 37DCC76C1CF4758700E6B52D /* DLLoginButton.m */; };
		6519B0661CE61FFF00DD1CDD /* main.m in Sources */ = {isa = PBXBuildFile; fileRef = 6519B0651CE61FFF00DD1CDD /* main.m */; };
		6519B0691CE61FFF00DD1CDD /* AppDelegate.m in Sources */ = {isa = PBXBuildFile; fileRef = 6519B0681CE61FFF00DD1CDD /* AppDelegate.m */; };
		6519B0711CE61FFF00DD1CDD /* Assets.xcassets in Resources */ = {isa = PBXBuildFile; fileRef = 6519B0701CE61FFF00DD1CDD /* Assets.xcassets */; };
		6519B0741CE61FFF00DD1CDD /* LaunchScreen.storyboard in Resources */ = {isa = PBXBuildFile; fileRef = 6519B0721CE61FFF00DD1CDD /* LaunchScreen.storyboard */; };
		6519B07F1CE6200000DD1CDD /* DL_____Tests.m in Sources */ = {isa = PBXBuildFile; fileRef = 6519B07E1CE6200000DD1CDD /* DL_____Tests.m */; };
		6519B08A1CE6200000DD1CDD /* DL_____UITests.m in Sources */ = {isa = PBXBuildFile; fileRef = 6519B0891CE6200000DD1CDD /* DL_____UITests.m */; };
		655976371CE8752A009A7F62 /* DLTabBarController.m in Sources */ = {isa = PBXBuildFile; fileRef = 655976361CE8752A009A7F62 /* DLTabBarController.m */; };
		6559763F1CE87847009A7F62 /* DLEssenceViewController.m in Sources */ = {isa = PBXBuildFile; fileRef = 6559763D1CE87847009A7F62 /* DLEssenceViewController.m */; };
		655976431CE8792B009A7F62 /* DLNewViewController.m in Sources */ = {isa = PBXBuildFile; fileRef = 655976421CE8792B009A7F62 /* DLNewViewController.m */; };
		655976461CE8794F009A7F62 /* DLFriendTrendsViewController.m in Sources */ = {isa = PBXBuildFile; fileRef = 655976451CE8794F009A7F62 /* DLFriendTrendsViewController.m */; };
		655976491CE87957009A7F62 /* DLMeViewController.m in Sources */ = {isa = PBXBuildFile; fileRef = 655976481CE87957009A7F62 /* DLMeViewController.m */; };
		6559764F1CE89ADF009A7F62 /* DLTabBar.m in Sources */ = {isa = PBXBuildFile; fileRef = 6559764E1CE89ADE009A7F62 /* DLTabBar.m */; };
		CE091B97735EB3D17681A39A /* libPods-DL百思不得姐.a in Frameworks */ = {isa = PBXBuildFile; fileRef = 81541D41C8B7AE77A5849CDE /* libPods-DL百思不得姐.a */; };
/* End PBXBuildFile section */

/* Begin PBXContainerItemProxy section */
		6519B07B1CE6200000DD1CDD /* PBXContainerItemProxy */ = {
			isa = PBXContainerItemProxy;
			containerPortal = 6519B0591CE61FFF00DD1CDD /* Project object */;
			proxyType = 1;
			remoteGlobalIDString = 6519B0601CE61FFF00DD1CDD;
			remoteInfo = "DL百思不得姐";
		};
		6519B0861CE6200000DD1CDD /* PBXContainerItemProxy */ = {
			isa = PBXContainerItemProxy;
			containerPortal = 6519B0591CE61FFF00DD1CDD /* Project object */;
			proxyType = 1;
			remoteGlobalIDString = 6519B0601CE61FFF00DD1CDD;
			remoteInfo = "DL百思不得姐";
		};
/* End PBXContainerItemProxy section */

/* Begin PBXFileReference section */
		1BF0C75B7FBC5B050B3BB4E2 /* Pods-DL百思不得姐.release.xcconfig */ = {isa = PBXFileReference; includeInIndex = 1; lastKnownFileType = text.xcconfig; name = "Pods-DL百思不得姐.release.xcconfig"; path = "Pods/Target Support Files/Pods-DL百思不得姐/Pods-DL百思不得姐.release.xcconfig"; sourceTree = "<group>"; };
		371256711CF013F600A7EA2E /* DLRecommendTag.h */ = {isa = PBXFileReference; fileEncoding = 4; lastKnownFileType = sourcecode.c.h; path = DLRecommendTag.h; sourceTree = "<group>"; };
		371256721CF013F600A7EA2E /* DLRecommendTag.m */ = {isa = PBXFileReference; fileEncoding = 4; lastKnownFileType = sourcecode.c.objc; path = DLRecommendTag.m; sourceTree = "<group>"; };
		371256741CF0141400A7EA2E /* DLRecommendTagCell.h */ = {isa = PBXFileReference; fileEncoding = 4; lastKnownFileType = sourcecode.c.h; path = DLRecommendTagCell.h; sourceTree = "<group>"; };
		371256751CF0141400A7EA2E /* DLRecommendTagCell.m */ = {isa = PBXFileReference; fileEncoding = 4; lastKnownFileType = sourcecode.c.objc; path = DLRecommendTagCell.m; sourceTree = "<group>"; };
		371256761CF0141400A7EA2E /* DLRecommendTagCell.xib */ = {isa = PBXFileReference; fileEncoding = 4; lastKnownFileType = file.xib; path = DLRecommendTagCell.xib; sourceTree = "<group>"; };
		371256791CF046DF00A7EA2E /* DLRecommendTagsViewController.h */ = {isa = PBXFileReference; fileEncoding = 4; lastKnownFileType = sourcecode.c.h; path = DLRecommendTagsViewController.h; sourceTree = "<group>"; };
		3712567A1CF046DF00A7EA2E /* DLRecommendTagsViewController.m */ = {isa = PBXFileReference; fileEncoding = 4; lastKnownFileType = sourcecode.c.objc; path = DLRecommendTagsViewController.m; sourceTree = "<group>"; };
		3712567B1CF046DF00A7EA2E /* DLRecommendTagsViewController.xib */ = {isa = PBXFileReference; fileEncoding = 4; lastKnownFileType = file.xib; path = DLRecommendTagsViewController.xib; sourceTree = "<group>"; };
		371256811CF05A1200A7EA2E /* UIView+DLExtension(重写frame的尺寸更改).h */ = {isa = PBXFileReference; fileEncoding = 4; lastKnownFileType = sourcecode.c.h; path = "UIView+DLExtension(重写frame的尺寸更改).h"; sourceTree = "<group>"; };
		371256821CF05A1200A7EA2E /* UIView+DLExtension(重写frame的尺寸更改).m */ = {isa = PBXFileReference; fileEncoding = 4; lastKnownFileType = sourcecode.c.objc; path = "UIView+DLExtension(重写frame的尺寸更改).m"; sourceTree = "<group>"; };
		3713390F1CEDA50E006F76B1 /* Foundation+DLLog.m */ = {isa = PBXFileReference; fileEncoding = 4; lastKnownFileType = sourcecode.c.objc; path = "Foundation+DLLog.m"; sourceTree = "<group>"; };
		371339111CEDA76A006F76B1 /* DLRecommendUser.h */ = {isa = PBXFileReference; fileEncoding = 4; lastKnownFileType = sourcecode.c.h; path = DLRecommendUser.h; sourceTree = "<group>"; };
		371339121CEDA76A006F76B1 /* DLRecommendUser.m */ = {isa = PBXFileReference; fileEncoding = 4; lastKnownFileType = sourcecode.c.objc; path = DLRecommendUser.m; sourceTree = "<group>"; };
		371339141CEDAD00006F76B1 /* DLRecommendUserCell.h */ = {isa = PBXFileReference; fileEncoding = 4; lastKnownFileType = sourcecode.c.h; path = DLRecommendUserCell.h; sourceTree = "<group>"; };
		371339151CEDAD00006F76B1 /* DLRecommendUserCell.m */ = {isa = PBXFileReference; fileEncoding = 4; lastKnownFileType = sourcecode.c.objc; path = DLRecommendUserCell.m; sourceTree = "<group>"; };
		371339161CEDAD00006F76B1 /* DLRecommendUserCell.xib */ = {isa = PBXFileReference; fileEncoding = 4; lastKnownFileType = file.xib; path = DLRecommendUserCell.xib; sourceTree = "<group>"; };
		3733B6D41CEC91260021BA5B /* DLGlobalConst.m */ = {isa = PBXFileReference; fileEncoding = 4; lastKnownFileType = sourcecode.c.objc; path = DLGlobalConst.m; sourceTree = "<group>"; };
		3733B6D61CEC95640021BA5B /* DLRecommendCategory.h */ = {isa = PBXFileReference; fileEncoding = 4; lastKnownFileType = sourcecode.c.h; path = DLRecommendCategory.h; sourceTree = "<group>"; };
		3733B6D71CEC95640021BA5B /* DLRecommendCategory.m */ = {isa = PBXFileReference; fileEncoding = 4; lastKnownFileType = sourcecode.c.objc; path = DLRecommendCategory.m; sourceTree = "<group>"; };
		376FA8661CF5420200011595 /* DLTextField.h */ = {isa = PBXFileReference; fileEncoding = 4; lastKnownFileType = sourcecode.c.h; path = DLTextField.h; sourceTree = "<group>"; };
		376FA8671CF5420200011595 /* DLTextField.m */ = {isa = PBXFileReference; fileEncoding = 4; lastKnownFileType = sourcecode.c.objc; path = DLTextField.m; sourceTree = "<group>"; };
		377C7DCC1CF69285006F5405 /* DLGuidanceView.h */ = {isa = PBXFileReference; fileEncoding = 4; lastKnownFileType = sourcecode.c.h; path = DLGuidanceView.h; sourceTree = "<group>"; };
		377C7DCD1CF69285006F5405 /* DLGuidanceView.m */ = {isa = PBXFileReference; fileEncoding = 4; lastKnownFileType = sourcecode.c.objc; path = DLGuidanceView.m; sourceTree = "<group>"; };
		377C7DCF1CF6929A006F5405 /* DLGuidanceView.xib */ = {isa = PBXFileReference; fileEncoding = 4; lastKnownFileType = file.xib; path = DLGuidanceView.xib; sourceTree = "<group>"; };
		37ACC1881CEC0C570003B7F8 /* UIBarButtonItem+DLCateogy.h */ = {isa = PBXFileReference; fileEncoding = 4; lastKnownFileType = sourcecode.c.h; path = "UIBarButtonItem+DLCateogy.h"; sourceTree = "<group>"; };
		37ACC1891CEC0C570003B7F8 /* UIBarButtonItem+DLCateogy.m */ = {isa = PBXFileReference; fileEncoding = 4; lastKnownFileType = sourcecode.c.objc; path = "UIBarButtonItem+DLCateogy.m"; sourceTree = "<group>"; };
		37ACC18D1CEC52B90003B7F8 /* DLNavigationController.h */ = {isa = PBXFileReference; fileEncoding = 4; lastKnownFileType = sourcecode.c.h; path = DLNavigationController.h; sourceTree = "<group>"; };
		37ACC18E1CEC52B90003B7F8 /* DLNavigationController.m */ = {isa = PBXFileReference; fileEncoding = 4; lastKnownFileType = sourcecode.c.objc; path = DLNavigationController.m; sourceTree = "<group>"; };
		37ACC1921CEC5B8E0003B7F8 /* DLRecommendViewController.h */ = {isa = PBXFileReference; fileEncoding = 4; lastKnownFileType = sourcecode.c.h; path = DLRecommendViewController.h; sourceTree = "<group>"; };
		37ACC1931CEC5B8E0003B7F8 /* DLRecommendViewController.m */ = {isa = PBXFileReference; fileEncoding = 4; lastKnownFileType = sourcecode.c.objc; path = DLRecommendViewController.m; sourceTree = "<group>"; };
		37ACC1951CEC5BCC0003B7F8 /* DLFriendTrendsViewController.xib */ = {isa = PBXFileReference; fileEncoding = 4; lastKnownFileType = file.xib; path = DLFriendTrendsViewController.xib; sourceTree = "<group>"; };
		37ACC1971CEC5BFE0003B7F8 /* DLRecommendViewController.xib */ = {isa = PBXFileReference; fileEncoding = 4; lastKnownFileType = file.xib; path = DLRecommendViewController.xib; sourceTree = "<group>"; };
		37B58D591CED61D50006B757 /* DLRecommendCategoryCell.h */ = {isa = PBXFileReference; fileEncoding = 4; lastKnownFileType = sourcecode.c.h; path = DLRecommendCategoryCell.h; sourceTree = "<group>"; };
		37B58D5A1CED61D50006B757 /* DLRecommendCategoryCell.m */ = {isa = PBXFileReference; fileEncoding = 4; lastKnownFileType = sourcecode.c.objc; path = DLRecommendCategoryCell.m; sourceTree = "<group>"; };
		37B58D5C1CED61E50006B757 /* DLRecommendCategoryCell.xib */ = {isa = PBXFileReference; fileEncoding = 4; lastKnownFileType = file.xib; path = DLRecommendCategoryCell.xib; sourceTree = "<group>"; };
		37DCC7661CF45A1700E6B52D /* DLLoginController.h */ = {isa = PBXFileReference; fileEncoding = 4; lastKnownFileType = sourcecode.c.h; path = DLLoginController.h; sourceTree = "<group>"; };
		37DCC7671CF45A1700E6B52D /* DLLoginController.m */ = {isa = PBXFileReference; fileEncoding = 4; lastKnownFileType = sourcecode.c.objc; path = DLLoginController.m; sourceTree = "<group>"; };
		37DCC7691CF45A3B00E6B52D /* DLLoginController.xib */ = {isa = PBXFileReference; fileEncoding = 4; lastKnownFileType = file.xib; path = DLLoginController.xib; sourceTree = "<group>"; };
		37DCC76B1CF4758700E6B52D /* DLLoginButton.h */ = {isa = PBXFileReference; fileEncoding = 4; lastKnownFileType = sourcecode.c.h; path = DLLoginButton.h; sourceTree = "<group>"; };
		37DCC76C1CF4758700E6B52D /* DLLoginButton.m */ = {isa = PBXFileReference; fileEncoding = 4; lastKnownFileType = sourcecode.c.objc; path = DLLoginButton.m; sourceTree = "<group>"; };
		60A790C348C1D81F50F7967E /* Pods-DL百思不得姐.debug.xcconfig */ = {isa = PBXFileReference; includeInIndex = 1; lastKnownFileType = text.xcconfig; name = "Pods-DL百思不得姐.debug.xcconfig"; path = "Pods/Target Support Files/Pods-DL百思不得姐/Pods-DL百思不得姐.debug.xcconfig"; sourceTree = "<group>"; };
		6519B0611CE61FFF00DD1CDD /* DL百思不得姐.app */ = {isa = PBXFileReference; explicitFileType = wrapper.application; includeInIndex = 0; path = "DL百思不得姐.app"; sourceTree = BUILT_PRODUCTS_DIR; };
		6519B0651CE61FFF00DD1CDD /* main.m */ = {isa = PBXFileReference; lastKnownFileType = sourcecode.c.objc; path = main.m; sourceTree = "<group>"; };
		6519B0671CE61FFF00DD1CDD /* AppDelegate.h */ = {isa = PBXFileReference; lastKnownFileType = sourcecode.c.h; path = AppDelegate.h; sourceTree = "<group>"; };
		6519B0681CE61FFF00DD1CDD /* AppDelegate.m */ = {isa = PBXFileReference; lastKnownFileType = sourcecode.c.objc; path = AppDelegate.m; sourceTree = "<group>"; };
		6519B0701CE61FFF00DD1CDD /* Assets.xcassets */ = {isa = PBXFileReference; lastKnownFileType = folder.assetcatalog; path = Assets.xcassets; sourceTree = "<group>"; };
		6519B0731CE61FFF00DD1CDD /* Base */ = {isa = PBXFileReference; lastKnownFileType = file.storyboard; name = Base; path = Base.lproj/LaunchScreen.storyboard; sourceTree = "<group>"; };
		6519B0751CE61FFF00DD1CDD /* Info.plist */ = {isa = PBXFileReference; lastKnownFileType = text.plist.xml; path = Info.plist; sourceTree = "<group>"; };
		6519B07A1CE6200000DD1CDD /* DL百思不得姐Tests.xctest */ = {isa = PBXFileReference; explicitFileType = wrapper.cfbundle; includeInIndex = 0; path = "DL百思不得姐Tests.xctest"; sourceTree = BUILT_PRODUCTS_DIR; };
		6519B07E1CE6200000DD1CDD /* DL_____Tests.m */ = {isa = PBXFileReference; lastKnownFileType = sourcecode.c.objc; path = "DL_____Tests.m"; sourceTree = "<group>"; };
		6519B0801CE6200000DD1CDD /* Info.plist */ = {isa = PBXFileReference; lastKnownFileType = text.plist.xml; path = Info.plist; sourceTree = "<group>"; };
		6519B0851CE6200000DD1CDD /* DL百思不得姐UITests.xctest */ = {isa = PBXFileReference; explicitFileType = wrapper.cfbundle; includeInIndex = 0; path = "DL百思不得姐UITests.xctest"; sourceTree = BUILT_PRODUCTS_DIR; };
		6519B0891CE6200000DD1CDD /* DL_____UITests.m */ = {isa = PBXFileReference; lastKnownFileType = sourcecode.c.objc; path = "DL_____UITests.m"; sourceTree = "<group>"; };
		6519B08B1CE6200000DD1CDD /* Info.plist */ = {isa = PBXFileReference; lastKnownFileType = text.plist.xml; path = Info.plist; sourceTree = "<group>"; };
		655976351CE8752A009A7F62 /* DLTabBarController.h */ = {isa = PBXFileReference; fileEncoding = 4; lastKnownFileType = sourcecode.c.h; path = DLTabBarController.h; sourceTree = "<group>"; };
		655976361CE8752A009A7F62 /* DLTabBarController.m */ = {isa = PBXFileReference; fileEncoding = 4; lastKnownFileType = sourcecode.c.objc; path = DLTabBarController.m; sourceTree = "<group>"; };
		6559763C1CE87847009A7F62 /* DLEssenceViewController.h */ = {isa = PBXFileReference; fileEncoding = 4; lastKnownFileType = sourcecode.c.h; path = DLEssenceViewController.h; sourceTree = "<group>"; };
		6559763D1CE87847009A7F62 /* DLEssenceViewController.m */ = {isa = PBXFileReference; fileEncoding = 4; lastKnownFileType = sourcecode.c.objc; path = DLEssenceViewController.m; sourceTree = "<group>"; };
		655976411CE8792B009A7F62 /* DLNewViewController.h */ = {isa = PBXFileReference; fileEncoding = 4; lastKnownFileType = sourcecode.c.h; path = DLNewViewController.h; sourceTree = "<group>"; };
		655976421CE8792B009A7F62 /* DLNewViewController.m */ = {isa = PBXFileReference; fileEncoding = 4; lastKnownFileType = sourcecode.c.objc; path = DLNewViewController.m; sourceTree = "<group>"; };
		655976441CE8794F009A7F62 /* DLFriendTrendsViewController.h */ = {isa = PBXFileReference; fileEncoding = 4; lastKnownFileType = sourcecode.c.h; path = DLFriendTrendsViewController.h; sourceTree = "<group>"; };
		655976451CE8794F009A7F62 /* DLFriendTrendsViewController.m */ = {isa = PBXFileReference; fileEncoding = 4; lastKnownFileType = sourcecode.c.objc; path = DLFriendTrendsViewController.m; sourceTree = "<group>"; };
		655976471CE87957009A7F62 /* DLMeViewController.h */ = {isa = PBXFileReference; fileEncoding = 4; lastKnownFileType = sourcecode.c.h; path = DLMeViewController.h; sourceTree = "<group>"; };
		655976481CE87957009A7F62 /* DLMeViewController.m */ = {isa = PBXFileReference; fileEncoding = 4; lastKnownFileType = sourcecode.c.objc; path = DLMeViewController.m; sourceTree = "<group>"; };
		6559764A1CE87B21009A7F62 /* PrefixHeader.pch */ = {isa = PBXFileReference; fileEncoding = 4; lastKnownFileType = sourcecode.c.h; path = PrefixHeader.pch; sourceTree = "<group>"; };
		6559764D1CE89ADE009A7F62 /* DLTabBar.h */ = {isa = PBXFileReference; fileEncoding = 4; lastKnownFileType = sourcecode.c.h; path = DLTabBar.h; sourceTree = "<group>"; };
		6559764E1CE89ADE009A7F62 /* DLTabBar.m */ = {isa = PBXFileReference; fileEncoding = 4; lastKnownFileType = sourcecode.c.objc; path = DLTabBar.m; sourceTree = "<group>"; };
		81541D41C8B7AE77A5849CDE /* libPods-DL百思不得姐.a */ = {isa = PBXFileReference; explicitFileType = archive.ar; includeInIndex = 0; path = "libPods-DL百思不得姐.a"; sourceTree = BUILT_PRODUCTS_DIR; };
/* End PBXFileReference section */

/* Begin PBXFrameworksBuildPhase section */
		6519B05E1CE61FFF00DD1CDD /* Frameworks */ = {
			isa = PBXFrameworksBuildPhase;
			buildActionMask = 2147483647;
			files = (
				CE091B97735EB3D17681A39A /* libPods-DL百思不得姐.a in Frameworks */,
			);
			runOnlyForDeploymentPostprocessing = 0;
		};
		6519B0771CE6200000DD1CDD /* Frameworks */ = {
			isa = PBXFrameworksBuildPhase;
			buildActionMask = 2147483647;
			files = (
			);
			runOnlyForDeploymentPostprocessing = 0;
		};
		6519B0821CE6200000DD1CDD /* Frameworks */ = {
			isa = PBXFrameworksBuildPhase;
			buildActionMask = 2147483647;
			files = (
			);
			runOnlyForDeploymentPostprocessing = 0;
		};
/* End PBXFrameworksBuildPhase section */

/* Begin PBXGroup section */
		3712566F1CF00BC100A7EA2E /* m */ = {
			isa = PBXGroup;
			children = (
				371256711CF013F600A7EA2E /* DLRecommendTag.h */,
				371256721CF013F600A7EA2E /* DLRecommendTag.m */,
			);
			name = m;
			sourceTree = "<group>";
		};
		371256701CF00BC500A7EA2E /* v */ = {
			isa = PBXGroup;
			children = (
				371256741CF0141400A7EA2E /* DLRecommendTagCell.h */,
				371256751CF0141400A7EA2E /* DLRecommendTagCell.m */,
				371256761CF0141400A7EA2E /* DLRecommendTagCell.xib */,
			);
			name = v;
			sourceTree = "<group>";
		};
		37ACC1871CEC0B000003B7F8 /* Category */ = {
			isa = PBXGroup;
			children = (
				371256811CF05A1200A7EA2E /* UIView+DLExtension(重写frame的尺寸更改).h */,
				371256821CF05A1200A7EA2E /* UIView+DLExtension(重写frame的尺寸更改).m */,
				37ACC1881CEC0C570003B7F8 /* UIBarButtonItem+DLCateogy.h */,
				37ACC1891CEC0C570003B7F8 /* UIBarButtonItem+DLCateogy.m */,
				3713390F1CEDA50E006F76B1 /* Foundation+DLLog.m */,
			);
			name = Category;
			sourceTree = "<group>";
		};
		37ACC1901CEC5B510003B7F8 /* m */ = {
			isa = PBXGroup;
			children = (
				3733B6D61CEC95640021BA5B /* DLRecommendCategory.h */,
				3733B6D71CEC95640021BA5B /* DLRecommendCategory.m */,
				371339111CEDA76A006F76B1 /* DLRecommendUser.h */,
				371339121CEDA76A006F76B1 /* DLRecommendUser.m */,
			);
			name = m;
			sourceTree = "<group>";
		};
		37ACC1911CEC5B560003B7F8 /* v */ = {
			isa = PBXGroup;
			children = (
				37B58D591CED61D50006B757 /* DLRecommendCategoryCell.h */,
				37B58D5A1CED61D50006B757 /* DLRecommendCategoryCell.m */,
				37B58D5C1CED61E50006B757 /* DLRecommendCategoryCell.xib */,
				371339141CEDAD00006F76B1 /* DLRecommendUserCell.h */,
				371339151CEDAD00006F76B1 /* DLRecommendUserCell.m */,
				371339161CEDAD00006F76B1 /* DLRecommendUserCell.xib */,
			);
			name = v;
			sourceTree = "<group>";
		};
		37DCC7611CF456F100E6B52D /* Login */ = {
			isa = PBXGroup;
			children = (
				37DCC76E1CF4758B00E6B52D /* v */,
				37DCC7621CF456FD00E6B52D /* c */,
			);
			name = Login;
			sourceTree = "<group>";
		};
		37DCC7621CF456FD00E6B52D /* c */ = {
			isa = PBXGroup;
			children = (
				37DCC7661CF45A1700E6B52D /* DLLoginController.h */,
				37DCC7671CF45A1700E6B52D /* DLLoginController.m */,
				37DCC7691CF45A3B00E6B52D /* DLLoginController.xib */,
			);
			name = c;
			sourceTree = "<group>";
		};
		37DCC76E1CF4758B00E6B52D /* v */ = {
			isa = PBXGroup;
			children = (
				37DCC76B1CF4758700E6B52D /* DLLoginButton.h */,
				37DCC76C1CF4758700E6B52D /* DLLoginButton.m */,
				376FA8661CF5420200011595 /* DLTextField.h */,
				376FA8671CF5420200011595 /* DLTextField.m */,
			);
			name = v;
			sourceTree = "<group>";
		};
		383337B7833FFA0D1BA15FEE /* Pods */ = {
			isa = PBXGroup;
			children = (
				60A790C348C1D81F50F7967E /* Pods-DL百思不得姐.debug.xcconfig */,
				1BF0C75B7FBC5B050B3BB4E2 /* Pods-DL百思不得姐.release.xcconfig */,
			);
			name = Pods;
			sourceTree = "<group>";
		};
		6519B0581CE61FFF00DD1CDD = {
			isa = PBXGroup;
			children = (
				6519B0631CE61FFF00DD1CDD /* DL百思不得姐 */,
				6519B07D1CE6200000DD1CDD /* DL百思不得姐Tests */,
				6519B0881CE6200000DD1CDD /* DL百思不得姐UITests */,
				6519B0621CE61FFF00DD1CDD /* Products */,
				383337B7833FFA0D1BA15FEE /* Pods */,
				970F97FBF30033542A98DBE8 /* Frameworks */,
			);
			sourceTree = "<group>";
		};
		6519B0621CE61FFF00DD1CDD /* Products */ = {
			isa = PBXGroup;
			children = (
				6519B0611CE61FFF00DD1CDD /* DL百思不得姐.app */,
				6519B07A1CE6200000DD1CDD /* DL百思不得姐Tests.xctest */,
				6519B0851CE6200000DD1CDD /* DL百思不得姐UITests.xctest */,
			);
			name = Products;
			sourceTree = "<group>";
		};
		6519B0631CE61FFF00DD1CDD /* DL百思不得姐 */ = {
			isa = PBXGroup;
			children = (
				655976331CE86DE8009A7F62 /* Essence */,
				655976321CE86DE5009A7F62 /* NewPost */,
				655976311CE86DE3009A7F62 /* FriendTrends */,
				655976301CE86DE0009A7F62 /* Me */,
				6559762F1CE86DDB009A7F62 /* Others */,
				6519B0671CE61FFF00DD1CDD /* AppDelegate.h */,
				6519B0681CE61FFF00DD1CDD /* AppDelegate.m */,
				6559764A1CE87B21009A7F62 /* PrefixHeader.pch */,
				3733B6D41CEC91260021BA5B /* DLGlobalConst.m */,
				6519B0701CE61FFF00DD1CDD /* Assets.xcassets */,
				6519B0721CE61FFF00DD1CDD /* LaunchScreen.storyboard */,
				6519B0751CE61FFF00DD1CDD /* Info.plist */,
				6519B0641CE61FFF00DD1CDD /* Supporting Files */,
			);
			path = "DL百思不得姐";
			sourceTree = "<group>";
		};
		6519B0641CE61FFF00DD1CDD /* Supporting Files */ = {
			isa = PBXGroup;
			children = (
				6519B0651CE61FFF00DD1CDD /* main.m */,
			);
			name = "Supporting Files";
			sourceTree = "<group>";
		};
		6519B07D1CE6200000DD1CDD /* DL百思不得姐Tests */ = {
			isa = PBXGroup;
			children = (
				6519B07E1CE6200000DD1CDD /* DL_____Tests.m */,
				6519B0801CE6200000DD1CDD /* Info.plist */,
			);
			path = "DL百思不得姐Tests";
			sourceTree = "<group>";
		};
		6519B0881CE6200000DD1CDD /* DL百思不得姐UITests */ = {
			isa = PBXGroup;
			children = (
				6519B0891CE6200000DD1CDD /* DL_____UITests.m */,
				6519B08B1CE6200000DD1CDD /* Info.plist */,
			);
			path = "DL百思不得姐UITests";
			sourceTree = "<group>";
		};
		6559762F1CE86DDB009A7F62 /* Others */ = {
			isa = PBXGroup;
			children = (
				37ACC1871CEC0B000003B7F8 /* Category */,
				6559764C1CE89AC8009A7F62 /* v */,
				655976341CE874BB009A7F62 /* c */,
			);
			name = Others;
			sourceTree = "<group>";
		};
		655976301CE86DE0009A7F62 /* Me */ = {
			isa = PBXGroup;
			children = (
				6559763B1CE87763009A7F62 /* c */,
			);
			name = Me;
			sourceTree = "<group>";
		};
		655976311CE86DE3009A7F62 /* FriendTrends */ = {
			isa = PBXGroup;
			children = (
				37DCC7611CF456F100E6B52D /* Login */,
				6559763A1CE8775B009A7F62 /* c */,
				37ACC1901CEC5B510003B7F8 /* m */,
				37ACC1911CEC5B560003B7F8 /* v */,
			);
			name = FriendTrends;
			sourceTree = "<group>";
		};
		655976321CE86DE5009A7F62 /* NewPost */ = {
			isa = PBXGroup;
			children = (
				655976391CE87757009A7F62 /* c */,
			);
			name = NewPost;
			sourceTree = "<group>";
		};
		655976331CE86DE8009A7F62 /* Essence */ = {
			isa = PBXGroup;
			children = (
				655976381CE87750009A7F62 /* c */,
				371256701CF00BC500A7EA2E /* v */,
				3712566F1CF00BC100A7EA2E /* m */,
			);
			name = Essence;
			sourceTree = "<group>";
		};
		655976341CE874BB009A7F62 /* c */ = {
			isa = PBXGroup;
			children = (
				655976351CE8752A009A7F62 /* DLTabBarController.h */,
				655976361CE8752A009A7F62 /* DLTabBarController.m */,
				37ACC18D1CEC52B90003B7F8 /* DLNavigationController.h */,
				37ACC18E1CEC52B90003B7F8 /* DLNavigationController.m */,
			);
			name = c;
			sourceTree = "<group>";
		};
		655976381CE87750009A7F62 /* c */ = {
			isa = PBXGroup;
			children = (
				6559763C1CE87847009A7F62 /* DLEssenceViewController.h */,
				6559763D1CE87847009A7F62 /* DLEssenceViewController.m */,
				371256791CF046DF00A7EA2E /* DLRecommendTagsViewController.h */,
				3712567A1CF046DF00A7EA2E /* DLRecommendTagsViewController.m */,
				3712567B1CF046DF00A7EA2E /* DLRecommendTagsViewController.xib */,
			);
			name = c;
			sourceTree = "<group>";
		};
		655976391CE87757009A7F62 /* c */ = {
			isa = PBXGroup;
			children = (
				655976411CE8792B009A7F62 /* DLNewViewController.h */,
				655976421CE8792B009A7F62 /* DLNewViewController.m */,
			);
			name = c;
			sourceTree = "<group>";
		};
		6559763A1CE8775B009A7F62 /* c */ = {
			isa = PBXGroup;
			children = (
				655976441CE8794F009A7F62 /* DLFriendTrendsViewController.h */,
				655976451CE8794F009A7F62 /* DLFriendTrendsViewController.m */,
				37ACC1951CEC5BCC0003B7F8 /* DLFriendTrendsViewController.xib */,
				37ACC1921CEC5B8E0003B7F8 /* DLRecommendViewController.h */,
				37ACC1931CEC5B8E0003B7F8 /* DLRecommendViewController.m */,
				37ACC1971CEC5BFE0003B7F8 /* DLRecommendViewController.xib */,
			);
			name = c;
			sourceTree = "<group>";
		};
		6559763B1CE87763009A7F62 /* c */ = {
			isa = PBXGroup;
			children = (
				655976471CE87957009A7F62 /* DLMeViewController.h */,
				655976481CE87957009A7F62 /* DLMeViewController.m */,
			);
			name = c;
			sourceTree = "<group>";
		};
		6559764C1CE89AC8009A7F62 /* v */ = {
			isa = PBXGroup;
			children = (
				6559764D1CE89ADE009A7F62 /* DLTabBar.h */,
				6559764E1CE89ADE009A7F62 /* DLTabBar.m */,
				377C7DCC1CF69285006F5405 /* DLGuidanceView.h */,
				377C7DCD1CF69285006F5405 /* DLGuidanceView.m */,
				377C7DCF1CF6929A006F5405 /* DLGuidanceView.xib */,
			);
			name = v;
			sourceTree = "<group>";
		};
		970F97FBF30033542A98DBE8 /* Frameworks */ = {
			isa = PBXGroup;
			children = (
				81541D41C8B7AE77A5849CDE /* libPods-DL百思不得姐.a */,
			);
			name = Frameworks;
			sourceTree = "<group>";
		};
/* End PBXGroup section */

/* Begin PBXNativeTarget section */
		6519B0601CE61FFF00DD1CDD /* DL百思不得姐 */ = {
			isa = PBXNativeTarget;
			buildConfigurationList = 6519B08E1CE6200000DD1CDD /* Build configuration list for PBXNativeTarget "DL百思不得姐" */;
			buildPhases = (
				1356042FB10A87155BA9E578 /* 📦 Check Pods Manifest.lock */,
				6519B05D1CE61FFF00DD1CDD /* Sources */,
				6519B05E1CE61FFF00DD1CDD /* Frameworks */,
				6519B05F1CE61FFF00DD1CDD /* Resources */,
				B72CE4292BB2E5C912D4A362 /* 📦 Embed Pods Frameworks */,
				ADC1FBAFD72D91D4C135AB43 /* 📦 Copy Pods Resources */,
			);
			buildRules = (
			);
			dependencies = (
			);
			name = "DL百思不得姐";
			productName = "DL百思不得姐";
			productReference = 6519B0611CE61FFF00DD1CDD /* DL百思不得姐.app */;
			productType = "com.apple.product-type.application";
		};
		6519B0791CE6200000DD1CDD /* DL百思不得姐Tests */ = {
			isa = PBXNativeTarget;
			buildConfigurationList = 6519B0911CE6200000DD1CDD /* Build configuration list for PBXNativeTarget "DL百思不得姐Tests" */;
			buildPhases = (
				6519B0761CE6200000DD1CDD /* Sources */,
				6519B0771CE6200000DD1CDD /* Frameworks */,
				6519B0781CE6200000DD1CDD /* Resources */,
			);
			buildRules = (
			);
			dependencies = (
				6519B07C1CE6200000DD1CDD /* PBXTargetDependency */,
			);
			name = "DL百思不得姐Tests";
			productName = "DL百思不得姐Tests";
			productReference = 6519B07A1CE6200000DD1CDD /* DL百思不得姐Tests.xctest */;
			productType = "com.apple.product-type.bundle.unit-test";
		};
		6519B0841CE6200000DD1CDD /* DL百思不得姐UITests */ = {
			isa = PBXNativeTarget;
			buildConfigurationList = 6519B0941CE6200000DD1CDD /* Build configuration list for PBXNativeTarget "DL百思不得姐UITests" */;
			buildPhases = (
				6519B0811CE6200000DD1CDD /* Sources */,
				6519B0821CE6200000DD1CDD /* Frameworks */,
				6519B0831CE6200000DD1CDD /* Resources */,
			);
			buildRules = (
			);
			dependencies = (
				6519B0871CE6200000DD1CDD /* PBXTargetDependency */,
			);
			name = "DL百思不得姐UITests";
			productName = "DL百思不得姐UITests";
			productReference = 6519B0851CE6200000DD1CDD /* DL百思不得姐UITests.xctest */;
			productType = "com.apple.product-type.bundle.ui-testing";
		};
/* End PBXNativeTarget section */

/* Begin PBXProject section */
		6519B0591CE61FFF00DD1CDD /* Project object */ = {
			isa = PBXProject;
			attributes = {
				CLASSPREFIX = DL;
				LastUpgradeCheck = 0720;
				ORGANIZATIONNAME = orgName;
				TargetAttributes = {
					6519B0601CE61FFF00DD1CDD = {
						CreatedOnToolsVersion = 7.2.1;
					};
					6519B0791CE6200000DD1CDD = {
						CreatedOnToolsVersion = 7.2.1;
						TestTargetID = 6519B0601CE61FFF00DD1CDD;
					};
					6519B0841CE6200000DD1CDD = {
						CreatedOnToolsVersion = 7.2.1;
						TestTargetID = 6519B0601CE61FFF00DD1CDD;
					};
				};
			};
			buildConfigurationList = 6519B05C1CE61FFF00DD1CDD /* Build configuration list for PBXProject "DL百思不得姐" */;
			compatibilityVersion = "Xcode 3.2";
			developmentRegion = English;
			hasScannedForEncodings = 0;
			knownRegions = (
				en,
				Base,
			);
			mainGroup = 6519B0581CE61FFF00DD1CDD;
			productRefGroup = 6519B0621CE61FFF00DD1CDD /* Products */;
			projectDirPath = "";
			projectRoot = "";
			targets = (
				6519B0601CE61FFF00DD1CDD /* DL百思不得姐 */,
				6519B0791CE6200000DD1CDD /* DL百思不得姐Tests */,
				6519B0841CE6200000DD1CDD /* DL百思不得姐UITests */,
			);
		};
/* End PBXProject section */

/* Begin PBXResourcesBuildPhase section */
		6519B05F1CE61FFF00DD1CDD /* Resources */ = {
			isa = PBXResourcesBuildPhase;
			buildActionMask = 2147483647;
			files = (
				37B58D5D1CED61E50006B757 /* DLRecommendCategoryCell.xib in Resources */,
				371256781CF0141400A7EA2E /* DLRecommendTagCell.xib in Resources */,
				371339181CEDAD00006F76B1 /* DLRecommendUserCell.xib in Resources */,
				37ACC1981CEC5BFE0003B7F8 /* DLRecommendViewController.xib in Resources */,
				37DCC76A1CF45A3B00E6B52D /* DLLoginController.xib in Resources */,
				6519B0741CE61FFF00DD1CDD /* LaunchScreen.storyboard in Resources */,
				377C7DD01CF6929A006F5405 /* DLGuidanceView.xib in Resources */,
				37ACC1961CEC5BCC0003B7F8 /* DLFriendTrendsViewController.xib in Resources */,
				3712567D1CF046DF00A7EA2E /* DLRecommendTagsViewController.xib in Resources */,
				6519B0711CE61FFF00DD1CDD /* Assets.xcassets in Resources */,
			);
			runOnlyForDeploymentPostprocessing = 0;
		};
		6519B0781CE6200000DD1CDD /* Resources */ = {
			isa = PBXResourcesBuildPhase;
			buildActionMask = 2147483647;
			files = (
			);
			runOnlyForDeploymentPostprocessing = 0;
		};
		6519B0831CE6200000DD1CDD /* Resources */ = {
			isa = PBXResourcesBuildPhase;
			buildActionMask = 2147483647;
			files = (
			);
			runOnlyForDeploymentPostprocessing = 0;
		};
/* End PBXResourcesBuildPhase section */

/* Begin PBXShellScriptBuildPhase section */
		1356042FB10A87155BA9E578 /* 📦 Check Pods Manifest.lock */ = {
			isa = PBXShellScriptBuildPhase;
			buildActionMask = 2147483647;
			files = (
			);
			inputPaths = (
			);
			name = "📦 Check Pods Manifest.lock";
			outputPaths = (
			);
			runOnlyForDeploymentPostprocessing = 0;
			shellPath = /bin/sh;
			shellScript = "diff \"${PODS_ROOT}/../Podfile.lock\" \"${PODS_ROOT}/Manifest.lock\" > /dev/null\nif [[ $? != 0 ]] ; then\n    cat << EOM\nerror: The sandbox is not in sync with the Podfile.lock. Run 'pod install' or update your CocoaPods installation.\nEOM\n    exit 1\nfi\n";
			showEnvVarsInLog = 0;
		};
		ADC1FBAFD72D91D4C135AB43 /* 📦 Copy Pods Resources */ = {
			isa = PBXShellScriptBuildPhase;
			buildActionMask = 2147483647;
			files = (
			);
			inputPaths = (
			);
			name = "📦 Copy Pods Resources";
			outputPaths = (
			);
			runOnlyForDeploymentPostprocessing = 0;
			shellPath = /bin/sh;
			shellScript = "\"${SRCROOT}/Pods/Target Support Files/Pods-DL百思不得姐/Pods-DL百思不得姐-resources.sh\"\n";
			showEnvVarsInLog = 0;
		};
		B72CE4292BB2E5C912D4A362 /* 📦 Embed Pods Frameworks */ = {
			isa = PBXShellScriptBuildPhase;
			buildActionMask = 2147483647;
			files = (
			);
			inputPaths = (
			);
			name = "📦 Embed Pods Frameworks";
			outputPaths = (
			);
			runOnlyForDeploymentPostprocessing = 0;
			shellPath = /bin/sh;
			shellScript = "\"${SRCROOT}/Pods/Target Support Files/Pods-DL百思不得姐/Pods-DL百思不得姐-frameworks.sh\"\n";
			showEnvVarsInLog = 0;
		};
/* End PBXShellScriptBuildPhase section */

/* Begin PBXSourcesBuildPhase section */
		6519B05D1CE61FFF00DD1CDD /* Sources */ = {
			isa = PBXSourcesBuildPhase;
			buildActionMask = 2147483647;
			files = (
				37B58D5B1CED61D50006B757 /* DLRecommendCategoryCell.m in Sources */,
				376FA8681CF5420200011595 /* DLTextField.m in Sources */,
				655976431CE8792B009A7F62 /* DLNewViewController.m in Sources */,
				37DCC76D1CF4758800E6B52D /* DLLoginButton.m in Sources */,
				371339101CEDA50E006F76B1 /* Foundation+DLLog.m in Sources */,
				371256831CF05A1200A7EA2E /* UIView+DLExtension(重写frame的尺寸更改).m in Sources */,
				371339171CEDAD00006F76B1 /* DLRecommendUserCell.m in Sources */,
				37ACC18A1CEC0C570003B7F8 /* UIBarButtonItem+DLCateogy.m in Sources */,
				371256731CF013F600A7EA2E /* DLRecommendTag.m in Sources */,
				3733B6D51CEC91260021BA5B /* DLGlobalConst.m in Sources */,
				371339131CEDA76A006F76B1 /* DLRecommendUser.m in Sources */,
				371256771CF0141400A7EA2E /* DLRecommendTagCell.m in Sources */,
				6559764F1CE89ADF009A7F62 /* DLTabBar.m in Sources */,
				3733B6D81CEC95640021BA5B /* DLRecommendCategory.m in Sources */,
				37ACC1941CEC5B8E0003B7F8 /* DLRecommendViewController.m in Sources */,
				37DCC7681CF45A1700E6B52D /* DLLoginController.m in Sources */,
				3712567C1CF046DF00A7EA2E /* DLRecommendTagsViewController.m in Sources */,
				6519B0691CE61FFF00DD1CDD /* AppDelegate.m in Sources */,
				6559763F1CE87847009A7F62 /* DLEssenceViewController.m in Sources */,
				6519B0661CE61FFF00DD1CDD /* main.m in Sources */,
				655976461CE8794F009A7F62 /* DLFriendTrendsViewController.m in Sources */,
				655976491CE87957009A7F62 /* DLMeViewController.m in Sources */,
				655976371CE8752A009A7F62 /* DLTabBarController.m in Sources */,
				377C7DCE1CF69285006F5405 /* DLGuidanceView.m in Sources */,
				37ACC18F1CEC52B90003B7F8 /* DLNavigationController.m in Sources */,
			);
			runOnlyForDeploymentPostprocessing = 0;
		};
		6519B0761CE6200000DD1CDD /* Sources */ = {
			isa = PBXSourcesBuildPhase;
			buildActionMask = 2147483647;
			files = (
				6519B07F1CE6200000DD1CDD /* DL_____Tests.m in Sources */,
			);
			runOnlyForDeploymentPostprocessing = 0;
		};
		6519B0811CE6200000DD1CDD /* Sources */ = {
			isa = PBXSourcesBuildPhase;
			buildActionMask = 2147483647;
			files = (
				6519B08A1CE6200000DD1CDD /* DL_____UITests.m in Sources */,
			);
			runOnlyForDeploymentPostprocessing = 0;
		};
/* End PBXSourcesBuildPhase section */

/* Begin PBXTargetDependency section */
		6519B07C1CE6200000DD1CDD /* PBXTargetDependency */ = {
			isa = PBXTargetDependency;
			target = 6519B0601CE61FFF00DD1CDD /* DL百思不得姐 */;
			targetProxy = 6519B07B1CE6200000DD1CDD /* PBXContainerItemProxy */;
		};
		6519B0871CE6200000DD1CDD /* PBXTargetDependency */ = {
			isa = PBXTargetDependency;
			target = 6519B0601CE61FFF00DD1CDD /* DL百思不得姐 */;
			targetProxy = 6519B0861CE6200000DD1CDD /* PBXContainerItemProxy */;
		};
/* End PBXTargetDependency section */

/* Begin PBXVariantGroup section */
		6519B0721CE61FFF00DD1CDD /* LaunchScreen.storyboard */ = {
			isa = PBXVariantGroup;
			children = (
				6519B0731CE61FFF00DD1CDD /* Base */,
			);
			name = LaunchScreen.storyboard;
			sourceTree = "<group>";
		};
/* End PBXVariantGroup section */

/* Begin XCBuildConfiguration section */
		6519B08C1CE6200000DD1CDD /* Debug */ = {
			isa = XCBuildConfiguration;
			buildSettings = {
				ALWAYS_SEARCH_USER_PATHS = NO;
				CLANG_CXX_LANGUAGE_STANDARD = "gnu++0x";
				CLANG_CXX_LIBRARY = "libc++";
				CLANG_ENABLE_MODULES = YES;
				CLANG_ENABLE_OBJC_ARC = YES;
				CLANG_WARN_BOOL_CONVERSION = YES;
				CLANG_WARN_CONSTANT_CONVERSION = YES;
				CLANG_WARN_DIRECT_OBJC_ISA_USAGE = YES_ERROR;
				CLANG_WARN_EMPTY_BODY = YES;
				CLANG_WARN_ENUM_CONVERSION = YES;
				CLANG_WARN_INT_CONVERSION = YES;
				CLANG_WARN_OBJC_ROOT_CLASS = YES_ERROR;
				CLANG_WARN_UNREACHABLE_CODE = YES;
				CLANG_WARN__DUPLICATE_METHOD_MATCH = YES;
				"CODE_SIGN_IDENTITY[sdk=iphoneos*]" = "iPhone Developer";
				COPY_PHASE_STRIP = NO;
				DEBUG_INFORMATION_FORMAT = dwarf;
				ENABLE_STRICT_OBJC_MSGSEND = YES;
				ENABLE_TESTABILITY = YES;
				GCC_C_LANGUAGE_STANDARD = gnu99;
				GCC_DYNAMIC_NO_PIC = NO;
				GCC_NO_COMMON_BLOCKS = YES;
				GCC_OPTIMIZATION_LEVEL = 0;
				GCC_PREPROCESSOR_DEFINITIONS = (
					"DEBUG=1",
					"$(inherited)",
				);
				GCC_WARN_64_TO_32_BIT_CONVERSION = YES;
				GCC_WARN_ABOUT_RETURN_TYPE = YES_ERROR;
				GCC_WARN_UNDECLARED_SELECTOR = YES;
				GCC_WARN_UNINITIALIZED_AUTOS = YES_AGGRESSIVE;
				GCC_WARN_UNUSED_FUNCTION = YES;
				GCC_WARN_UNUSED_VARIABLE = YES;
				IPHONEOS_DEPLOYMENT_TARGET = 9.1;
				MTL_ENABLE_DEBUG_INFO = YES;
				ONLY_ACTIVE_ARCH = YES;
				SDKROOT = iphoneos;
				TARGETED_DEVICE_FAMILY = "1,2";
			};
			name = Debug;
		};
		6519B08D1CE6200000DD1CDD /* Release */ = {
			isa = XCBuildConfiguration;
			buildSettings = {
				ALWAYS_SEARCH_USER_PATHS = NO;
				CLANG_CXX_LANGUAGE_STANDARD = "gnu++0x";
				CLANG_CXX_LIBRARY = "libc++";
				CLANG_ENABLE_MODULES = YES;
				CLANG_ENABLE_OBJC_ARC = YES;
				CLANG_WARN_BOOL_CONVERSION = YES;
				CLANG_WARN_CONSTANT_CONVERSION = YES;
				CLANG_WARN_DIRECT_OBJC_ISA_USAGE = YES_ERROR;
				CLANG_WARN_EMPTY_BODY = YES;
				CLANG_WARN_ENUM_CONVERSION = YES;
				CLANG_WARN_INT_CONVERSION = YES;
				CLANG_WARN_OBJC_ROOT_CLASS = YES_ERROR;
				CLANG_WARN_UNREACHABLE_CODE = YES;
				CLANG_WARN__DUPLICATE_METHOD_MATCH = YES;
				"CODE_SIGN_IDENTITY[sdk=iphoneos*]" = "iPhone Developer";
				COPY_PHASE_STRIP = NO;
				DEBUG_INFORMATION_FORMAT = "dwarf-with-dsym";
				ENABLE_NS_ASSERTIONS = NO;
				ENABLE_STRICT_OBJC_MSGSEND = YES;
				GCC_C_LANGUAGE_STANDARD = gnu99;
				GCC_NO_COMMON_BLOCKS = YES;
				GCC_WARN_64_TO_32_BIT_CONVERSION = YES;
				GCC_WARN_ABOUT_RETURN_TYPE = YES_ERROR;
				GCC_WARN_UNDECLARED_SELECTOR = YES;
				GCC_WARN_UNINITIALIZED_AUTOS = YES_AGGRESSIVE;
				GCC_WARN_UNUSED_FUNCTION = YES;
				GCC_WARN_UNUSED_VARIABLE = YES;
				IPHONEOS_DEPLOYMENT_TARGET = 9.1;
				MTL_ENABLE_DEBUG_INFO = NO;
				SDKROOT = iphoneos;
				TARGETED_DEVICE_FAMILY = "1,2";
				VALIDATE_PRODUCT = YES;
			};
			name = Release;
		};
		6519B08F1CE6200000DD1CDD /* Debug */ = {
			isa = XCBuildConfiguration;
			baseConfigurationReference = 60A790C348C1D81F50F7967E /* Pods-DL百思不得姐.debug.xcconfig */;
			buildSettings = {
				ASSETCATALOG_COMPILER_APPICON_NAME = AppIcon;
				GCC_PRECOMPILE_PREFIX_HEADER = YES;
				GCC_PREFIX_HEADER = "$(SRCROOT)/DL百思不得姐/PrefixHeader.pch";
				INFOPLIST_FILE = "DL百思不得姐/Info.plist";
				IPHONEOS_DEPLOYMENT_TARGET = 9.0;
				LD_RUNPATH_SEARCH_PATHS = "$(inherited) @executable_path/Frameworks";
				PRODUCT_BUNDLE_IDENTIFIER = "org.id.DL-----";
				PRODUCT_NAME = "$(TARGET_NAME)";
			};
			name = Debug;
		};
		6519B0901CE6200000DD1CDD /* Release */ = {
			isa = XCBuildConfiguration;
			baseConfigurationReference = 1BF0C75B7FBC5B050B3BB4E2 /* Pods-DL百思不得姐.release.xcconfig */;
			buildSettings = {
				ASSETCATALOG_COMPILER_APPICON_NAME = AppIcon;
				GCC_PRECOMPILE_PREFIX_HEADER = YES;
				GCC_PREFIX_HEADER = "$(SRCROOT)/DL百思不得姐/PrefixHeader.pch";
				INFOPLIST_FILE = "DL百思不得姐/Info.plist";
				IPHONEOS_DEPLOYMENT_TARGET = 9.0;
				LD_RUNPATH_SEARCH_PATHS = "$(inherited) @executable_path/Frameworks";
				PRODUCT_BUNDLE_IDENTIFIER = "org.id.DL-----";
				PRODUCT_NAME = "$(TARGET_NAME)";
			};
			name = Release;
		};
		6519B0921CE6200000DD1CDD /* Debug */ = {
			isa = XCBuildConfiguration;
			buildSettings = {
				BUNDLE_LOADER = "$(TEST_HOST)";
				INFOPLIST_FILE = "DL百思不得姐Tests/Info.plist";
				IPHONEOS_DEPLOYMENT_TARGET = 9.0;
				LD_RUNPATH_SEARCH_PATHS = "$(inherited) @executable_path/Frameworks @loader_path/Frameworks";
				PRODUCT_BUNDLE_IDENTIFIER = "org.id.DL-----Tests";
				PRODUCT_NAME = "$(TARGET_NAME)";
				TEST_HOST = "$(BUILT_PRODUCTS_DIR)/DL百思不得姐.app/DL百思不得姐";
			};
			name = Debug;
		};
		6519B0931CE6200000DD1CDD /* Release */ = {
			isa = XCBuildConfiguration;
			buildSettings = {
				BUNDLE_LOADER = "$(TEST_HOST)";
				INFOPLIST_FILE = "DL百思不得姐Tests/Info.plist";
				IPHONEOS_DEPLOYMENT_TARGET = 9.0;
				LD_RUNPATH_SEARCH_PATHS = "$(inherited) @executable_path/Frameworks @loader_path/Frameworks";
				PRODUCT_BUNDLE_IDENTIFIER = "org.id.DL-----Tests";
				PRODUCT_NAME = "$(TARGET_NAME)";
				TEST_HOST = "$(BUILT_PRODUCTS_DIR)/DL百思不得姐.app/DL百思不得姐";
			};
			name = Release;
		};
		6519B0951CE6200000DD1CDD /* Debug */ = {
			isa = XCBuildConfiguration;
			buildSettings = {
				INFOPLIST_FILE = "DL百思不得姐UITests/Info.plist";
				IPHONEOS_DEPLOYMENT_TARGET = 9.0;
				LD_RUNPATH_SEARCH_PATHS = "$(inherited) @executable_path/Frameworks @loader_path/Frameworks";
				PRODUCT_BUNDLE_IDENTIFIER = "org.id.DL-----UITests";
				PRODUCT_NAME = "$(TARGET_NAME)";
				TEST_TARGET_NAME = "DL百思不得姐";
				USES_XCTRUNNER = YES;
			};
			name = Debug;
		};
		6519B0961CE6200000DD1CDD /* Release */ = {
			isa = XCBuildConfiguration;
			buildSettings = {
				INFOPLIST_FILE = "DL百思不得姐UITests/Info.plist";
				IPHONEOS_DEPLOYMENT_TARGET = 9.0;
				LD_RUNPATH_SEARCH_PATHS = "$(inherited) @executable_path/Frameworks @loader_path/Frameworks";
				PRODUCT_BUNDLE_IDENTIFIER = "org.id.DL-----UITests";
				PRODUCT_NAME = "$(TARGET_NAME)";
				TEST_TARGET_NAME = "DL百思不得姐";
				USES_XCTRUNNER = YES;
			};
			name = Release;
		};
/* End XCBuildConfiguration section */

/* Begin XCConfigurationList section */
		6519B05C1CE61FFF00DD1CDD /* Build configuration list for PBXProject "DL百思不得姐" */ = {
			isa = XCConfigurationList;
			buildConfigurations = (
				6519B08C1CE6200000DD1CDD /* Debug */,
				6519B08D1CE6200000DD1CDD /* Release */,
			);
			defaultConfigurationIsVisible = 0;
			defaultConfigurationName = Release;
		};
		6519B08E1CE6200000DD1CDD /* Build configuration list for PBXNativeTarget "DL百思不得姐" */ = {
			isa = XCConfigurationList;
			buildConfigurations = (
				6519B08F1CE6200000DD1CDD /* Debug */,
				6519B0901CE6200000DD1CDD /* Release */,
			);
			defaultConfigurationIsVisible = 0;
			defaultConfigurationName = Release;
		};
		6519B0911CE6200000DD1CDD /* Build configuration list for PBXNativeTarget "DL百思不得姐Tests" */ = {
			isa = XCConfigurationList;
			buildConfigurations = (
				6519B0921CE6200000DD1CDD /* Debug */,
				6519B0931CE6200000DD1CDD /* Release */,
			);
			defaultConfigurationIsVisible = 0;
			defaultConfigurationName = Release;
		};
		6519B0941CE6200000DD1CDD /* Build configuration list for PBXNativeTarget "DL百思不得姐UITests" */ = {
			isa = XCConfigurationList;
			buildConfigurations = (
				6519B0951CE6200000DD1CDD /* Debug */,
				6519B0961CE6200000DD1CDD /* Release */,
			);
			defaultConfigurationIsVisible = 0;
			defaultConfigurationName = Release;
		};
/* End XCConfigurationList section */
	};
	rootObject = 6519B0591CE61FFF00DD1CDD /* Project object */;
}
