// !$*UTF8*$!
{
	archiveVersion = 1;
	classes = {
	};
	objectVersion = 46;
	objects = {

/* Begin PBXBuildFile section */
		6519B0661CE61FFF00DD1CDD /* main.m in Sources */ = {isa = PBXBuildFile; fileRef = 6519B0651CE61FFF00DD1CDD /* main.m */; };
		6519B0691CE61FFF00DD1CDD /* AppDelegate.m in Sources */ = {isa = PBXBuildFile; fileRef = 6519B0681CE61FFF00DD1CDD /* AppDelegate.m */; };
		6519B06C1CE61FFF00DD1CDD /* ViewController.m in Sources */ = {isa = PBXBuildFile; fileRef = 6519B06B1CE61FFF00DD1CDD /* ViewController.m */; };
		6519B06F1CE61FFF00DD1CDD /* Main.storyboard in Resources */ = {isa = PBXBuildFile; fileRef = 6519B06D1CE61FFF00DD1CDD /* Main.storyboard */; };
		6519B0711CE61FFF00DD1CDD /* Assets.xcassets in Resources */ = {isa = PBXBuildFile; fileRef = 6519B0701CE61FFF00DD1CDD /* Assets.xcassets */; };
		6519B0741CE61FFF00DD1CDD /* LaunchScreen.storyboard in Resources */ = {isa = PBXBuildFile; fileRef = 6519B0721CE61FFF00DD1CDD /* LaunchScreen.storyboard */; };
		6519B07F1CE6200000DD1CDD /* DL_____Tests.m in Sources */ = {isa = PBXBuildFile; fileRef = 6519B07E1CE6200000DD1CDD /* DL_____Tests.m */; };
		6519B08A1CE6200000DD1CDD /* DL_____UITests.m in Sources */ = {isa = PBXBuildFile; fileRef = 6519B0891CE6200000DD1CDD /* DL_____UITests.m */; };
/* End PBXBuildFile section */

/* Begin PBXContainerItemProxy section */
		6519B07B1CE6200000DD1CDD /* PBXContainerItemProxy */ = {
			isa = PBXContainerItemProxy;
			containerPortal = 6519B0591CE61FFF00DD1CDD /* Project object */;
			proxyType = 1;
			remoteGlobalIDString = 6519B0601CE61FFF00DD1CDD;
			remoteInfo = "DL百思不得姐";
		};
		6519B0861CE6200000DD1CDD /* PBXContainerItemProxy */ = {
			isa = PBXContainerItemProxy;
			containerPortal = 6519B0591CE61FFF00DD1CDD /* Project object */;
			proxyType = 1;
			remoteGlobalIDString = 6519B0601CE61FFF00DD1CDD;
			remoteInfo = "DL百思不得姐";
		};
/* End PBXContainerItemProxy section */

/* Begin PBXFileReference section */
		6519B0611CE61FFF00DD1CDD /* DL百思不得姐.app */ = {isa = PBXFileReference; explicitFileType = wrapper.application; includeInIndex = 0; path = "DL百思不得姐.app"; sourceTree = BUILT_PRODUCTS_DIR; };
		6519B0651CE61FFF00DD1CDD /* main.m */ = {isa = PBXFileReference; lastKnownFileType = sourcecode.c.objc; path = main.m; sourceTree = "<group>"; };
		6519B0671CE61FFF00DD1CDD /* AppDelegate.h */ = {isa = PBXFileReference; lastKnownFileType = sourcecode.c.h; path = AppDelegate.h; sourceTree = "<group>"; };
		6519B0681CE61FFF00DD1CDD /* AppDelegate.m */ = {isa = PBXFileReference; lastKnownFileType = sourcecode.c.objc; path = AppDelegate.m; sourceTree = "<group>"; };
		6519B06A1CE61FFF00DD1CDD /* ViewController.h */ = {isa = PBXFileReference; lastKnownFileType = sourcecode.c.h; path = ViewController.h; sourceTree = "<group>"; };
		6519B06B1CE61FFF00DD1CDD /* ViewController.m */ = {isa = PBXFileReference; lastKnownFileType = sourcecode.c.objc; path = ViewController.m; sourceTree = "<group>"; };
		6519B06E1CE61FFF00DD1CDD /* Base */ = {isa = PBXFileReference; lastKnownFileType = file.storyboard; name = Base; path = Base.lproj/Main.storyboard; sourceTree = "<group>"; };
		6519B0701CE61FFF00DD1CDD /* Assets.xcassets */ = {isa = PBXFileReference; lastKnownFileType = folder.assetcatalog; path = Assets.xcassets; sourceTree = "<group>"; };
		6519B0731CE61FFF00DD1CDD /* Base */ = {isa = PBXFileReference; lastKnownFileType = file.storyboard; name = Base; path = Base.lproj/LaunchScreen.storyboard; sourceTree = "<group>"; };
		6519B0751CE61FFF00DD1CDD /* Info.plist */ = {isa = PBXFileReference; lastKnownFileType = text.plist.xml; path = Info.plist; sourceTree = "<group>"; };
		6519B07A1CE6200000DD1CDD /* DL百思不得姐Tests.xctest */ = {isa = PBXFileReference; explicitFileType = wrapper.cfbundle; includeInIndex = 0; path = "DL百思不得姐Tests.xctest"; sourceTree = BUILT_PRODUCTS_DIR; };
		6519B07E1CE6200000DD1CDD /* DL_____Tests.m */ = {isa = PBXFileReference; lastKnownFileType = sourcecode.c.objc; path = "DL_____Tests.m"; sourceTree = "<group>"; };
		6519B0801CE6200000DD1CDD /* Info.plist */ = {isa = PBXFileReference; lastKnownFileType = text.plist.xml; path = Info.plist; sourceTree = "<group>"; };
		6519B0851CE6200000DD1CDD /* DL百思不得姐UITests.xctest */ = {isa = PBXFileReference; explicitFileType = wrapper.cfbundle; includeInIndex = 0; path = "DL百思不得姐UITests.xctest"; sourceTree = BUILT_PRODUCTS_DIR; };
		6519B0891CE6200000DD1CDD /* DL_____UITests.m */ = {isa = PBXFileReference; lastKnownFileType = sourcecode.c.objc; path = "DL_____UITests.m"; sourceTree = "<group>"; };
		6519B08B1CE6200000DD1CDD /* Info.plist */ = {isa = PBXFileReference; lastKnownFileType = text.plist.xml; path = Info.plist; sourceTree = "<group>"; };
/* End PBXFileReference section */

/* Begin PBXFrameworksBuildPhase section */
		6519B05E1CE61FFF00DD1CDD /* Frameworks */ = {
			isa = PBXFrameworksBuildPhase;
			buildActionMask = 2147483647;
			files = (
			);
			runOnlyForDeploymentPostprocessing = 0;
		};
		6519B0771CE6200000DD1CDD /* Frameworks */ = {
			isa = PBXFrameworksBuildPhase;
			buildActionMask = 2147483647;
			files = (
			);
			runOnlyForDeploymentPostprocessing = 0;
		};
		6519B0821CE6200000DD1CDD /* Frameworks */ = {
			isa = PBXFrameworksBuildPhase;
			buildActionMask = 2147483647;
			files = (
			);
			runOnlyForDeploymentPostprocessing = 0;
		};
/* End PBXFrameworksBuildPhase section */

/* Begin PBXGroup section */
		6519B0581CE61FFF00DD1CDD = {
			isa = PBXGroup;
			children = (
				6519B0631CE61FFF00DD1CDD /* DL百思不得姐 */,
				6519B07D1CE6200000DD1CDD /* DL百思不得姐Tests */,
				6519B0881CE6200000DD1CDD /* DL百思不得姐UITests */,
				6519B0621CE61FFF00DD1CDD /* Products */,
			);
			sourceTree = "<group>";
		};
		6519B0621CE61FFF00DD1CDD /* Products */ = {
			isa = PBXGroup;
			children = (
				6519B0611CE61FFF00DD1CDD /* DL百思不得姐.app */,
				6519B07A1CE6200000DD1CDD /* DL百思不得姐Tests.xctest */,
				6519B0851CE6200000DD1CDD /* DL百思不得姐UITests.xctest */,
			);
			name = Products;
			sourceTree = "<group>";
		};
		6519B0631CE61FFF00DD1CDD /* DL百思不得姐 */ = {
			isa = PBXGroup;
			children = (
				6519B0671CE61FFF00DD1CDD /* AppDelegate.h */,
				6519B0681CE61FFF00DD1CDD /* AppDelegate.m */,
				6519B06A1CE61FFF00DD1CDD /* ViewController.h */,
				6519B06B1CE61FFF00DD1CDD /* ViewController.m */,
				6519B06D1CE61FFF00DD1CDD /* Main.storyboard */,
				6519B0701CE61FFF00DD1CDD /* Assets.xcassets */,
				6519B0721CE61FFF00DD1CDD /* LaunchScreen.storyboard */,
				6519B0751CE61FFF00DD1CDD /* Info.plist */,
				6519B0641CE61FFF00DD1CDD /* Supporting Files */,
			);
			path = "DL百思不得姐";
			sourceTree = "<group>";
		};
		6519B0641CE61FFF00DD1CDD /* Supporting Files */ = {
			isa = PBXGroup;
			children = (
				6519B0651CE61FFF00DD1CDD /* main.m */,
			);
			name = "Supporting Files";
			sourceTree = "<group>";
		};
		6519B07D1CE6200000DD1CDD /* DL百思不得姐Tests */ = {
			isa = PBXGroup;
			children = (
				6519B07E1CE6200000DD1CDD /* DL_____Tests.m */,
				6519B0801CE6200000DD1CDD /* Info.plist */,
			);
			path = "DL百思不得姐Tests";
			sourceTree = "<group>";
		};
		6519B0881CE6200000DD1CDD /* DL百思不得姐UITests */ = {
			isa = PBXGroup;
			children = (
				6519B0891CE6200000DD1CDD /* DL_____UITests.m */,
				6519B08B1CE6200000DD1CDD /* Info.plist */,
			);
			path = "DL百思不得姐UITests";
			sourceTree = "<group>";
		};
/* End PBXGroup section */

/* Begin PBXNativeTarget section */
		6519B0601CE61FFF00DD1CDD /* DL百思不得姐 */ = {
			isa = PBXNativeTarget;
			buildConfigurationList = 6519B08E1CE6200000DD1CDD /* Build configuration list for PBXNativeTarget "DL百思不得姐" */;
			buildPhases = (
				6519B05D1CE61FFF00DD1CDD /* Sources */,
				6519B05E1CE61FFF00DD1CDD /* Frameworks */,
				6519B05F1CE61FFF00DD1CDD /* Resources */,
			);
			buildRules = (
			);
			dependencies = (
			);
			name = "DL百思不得姐";
			productName = "DL百思不得姐";
			productReference = 6519B0611CE61FFF00DD1CDD /* DL百思不得姐.app */;
			productType = "com.apple.product-type.application";
		};
		6519B0791CE6200000DD1CDD /* DL百思不得姐Tests */ = {
			isa = PBXNativeTarget;
			buildConfigurationList = 6519B0911CE6200000DD1CDD /* Build configuration list for PBXNativeTarget "DL百思不得姐Tests" */;
			buildPhases = (
				6519B0761CE6200000DD1CDD /* Sources */,
				6519B0771CE6200000DD1CDD /* Frameworks */,
				6519B0781CE6200000DD1CDD /* Resources */,
			);
			buildRules = (
			);
			dependencies = (
				6519B07C1CE6200000DD1CDD /* PBXTargetDependency */,
			);
			name = "DL百思不得姐Tests";
			productName = "DL百思不得姐Tests";
			productReference = 6519B07A1CE6200000DD1CDD /* DL百思不得姐Tests.xctest */;
			productType = "com.apple.product-type.bundle.unit-test";
		};
		6519B0841CE6200000DD1CDD /* DL百思不得姐UITests */ = {
			isa = PBXNativeTarget;
			buildConfigurationList = 6519B0941CE6200000DD1CDD /* Build configuration list for PBXNativeTarget "DL百思不得姐UITests" */;
			buildPhases = (
				6519B0811CE6200000DD1CDD /* Sources */,
				6519B0821CE6200000DD1CDD /* Frameworks */,
				6519B0831CE6200000DD1CDD /* Resources */,
			);
			buildRules = (
			);
			dependencies = (
				6519B0871CE6200000DD1CDD /* PBXTargetDependency */,
			);
			name = "DL百思不得姐UITests";
			productName = "DL百思不得姐UITests";
			productReference = 6519B0851CE6200000DD1CDD /* DL百思不得姐UITests.xctest */;
			productType = "com.apple.product-type.bundle.ui-testing";
		};
/* End PBXNativeTarget section */

/* Begin PBXProject section */
		6519B0591CE61FFF00DD1CDD /* Project object */ = {
			isa = PBXProject;
			attributes = {
				LastUpgradeCheck = 0720;
				ORGANIZATIONNAME = orgName;
				TargetAttributes = {
					6519B0601CE61FFF00DD1CDD = {
						CreatedOnToolsVersion = 7.2.1;
					};
					6519B0791CE6200000DD1CDD = {
						CreatedOnToolsVersion = 7.2.1;
						TestTargetID = 6519B0601CE61FFF00DD1CDD;
					};
					6519B0841CE6200000DD1CDD = {
						CreatedOnToolsVersion = 7.2.1;
						TestTargetID = 6519B0601CE61FFF00DD1CDD;
					};
				};
			};
			buildConfigurationList = 6519B05C1CE61FFF00DD1CDD /* Build configuration list for PBXProject "DL百思不得姐" */;
			compatibilityVersion = "Xcode 3.2";
			developmentRegion = English;
			hasScannedForEncodings = 0;
			knownRegions = (
				en,
				Base,
			);
			mainGroup = 6519B0581CE61FFF00DD1CDD;
			productRefGroup = 6519B0621CE61FFF00DD1CDD /* Products */;
			projectDirPath = "";
			projectRoot = "";
			targets = (
				6519B0601CE61FFF00DD1CDD /* DL百思不得姐 */,
				6519B0791CE6200000DD1CDD /* DL百思不得姐Tests */,
				6519B0841CE6200000DD1CDD /* DL百思不得姐UITests */,
			);
		};
/* End PBXProject section */

/* Begin PBXResourcesBuildPhase section */
		6519B05F1CE61FFF00DD1CDD /* Resources */ = {
			isa = PBXResourcesBuildPhase;
			buildActionMask = 2147483647;
			files = (
				6519B0741CE61FFF00DD1CDD /* LaunchScreen.storyboard in Resources */,
				6519B0711CE61FFF00DD1CDD /* Assets.xcassets in Resources */,
				6519B06F1CE61FFF00DD1CDD /* Main.storyboard in Resources */,
			);
			runOnlyForDeploymentPostprocessing = 0;
		};
		6519B0781CE6200000DD1CDD /* Resources */ = {
			isa = PBXResourcesBuildPhase;
			buildActionMask = 2147483647;
			files = (
			);
			runOnlyForDeploymentPostprocessing = 0;
		};
		6519B0831CE6200000DD1CDD /* Resources */ = {
			isa = PBXResourcesBuildPhase;
			buildActionMask = 2147483647;
			files = (
			);
			runOnlyForDeploymentPostprocessing = 0;
		};
/* End PBXResourcesBuildPhase section */

/* Begin PBXSourcesBuildPhase section */
		6519B05D1CE61FFF00DD1CDD /* Sources */ = {
			isa = PBXSourcesBuildPhase;
			buildActionMask = 2147483647;
			files = (
				6519B06C1CE61FFF00DD1CDD /* ViewController.m in Sources */,
				6519B0691CE61FFF00DD1CDD /* AppDelegate.m in Sources */,
				6519B0661CE61FFF00DD1CDD /* main.m in Sources */,
			);
			runOnlyForDeploymentPostprocessing = 0;
		};
		6519B0761CE6200000DD1CDD /* Sources */ = {
			isa = PBXSourcesBuildPhase;
			buildActionMask = 2147483647;
			files = (
				6519B07F1CE6200000DD1CDD /* DL_____Tests.m in Sources */,
			);
			runOnlyForDeploymentPostprocessing = 0;
		};
		6519B0811CE6200000DD1CDD /* Sources */ = {
			isa = PBXSourcesBuildPhase;
			buildActionMask = 2147483647;
			files = (
				6519B08A1CE6200000DD1CDD /* DL_____UITests.m in Sources */,
			);
			runOnlyForDeploymentPostprocessing = 0;
		};
/* End PBXSourcesBuildPhase section */

/* Begin PBXTargetDependency section */
		6519B07C1CE6200000DD1CDD /* PBXTargetDependency */ = {
			isa = PBXTargetDependency;
			target = 6519B0601CE61FFF00DD1CDD /* DL百思不得姐 */;
			targetProxy = 6519B07B1CE6200000DD1CDD /* PBXContainerItemProxy */;
		};
		6519B0871CE6200000DD1CDD /* PBXTargetDependency */ = {
			isa = PBXTargetDependency;
			target = 6519B0601CE61FFF00DD1CDD /* DL百思不得姐 */;
			targetProxy = 6519B0861CE6200000DD1CDD /* PBXContainerItemProxy */;
		};
/* End PBXTargetDependency section */

/* Begin PBXVariantGroup section */
		6519B06D1CE61FFF00DD1CDD /* Main.storyboard */ = {
			isa = PBXVariantGroup;
			children = (
				6519B06E1CE61FFF00DD1CDD /* Base */,
			);
			name = Main.storyboard;
			sourceTree = "<group>";
		};
		6519B0721CE61FFF00DD1CDD /* LaunchScreen.storyboard */ = {
			isa = PBXVariantGroup;
			children = (
				6519B0731CE61FFF00DD1CDD /* Base */,
			);
			name = LaunchScreen.storyboard;
			sourceTree = "<group>";
		};
/* End PBXVariantGroup section */

/* Begin XCBuildConfiguration section */
		6519B08C1CE6200000DD1CDD /* Debug */ = {
			isa = XCBuildConfiguration;
			buildSettings = {
				ALWAYS_SEARCH_USER_PATHS = NO;
				CLANG_CXX_LANGUAGE_STANDARD = "gnu++0x";
				CLANG_CXX_LIBRARY = "libc++";
				CLANG_ENABLE_MODULES = YES;
				CLANG_ENABLE_OBJC_ARC = YES;
				CLANG_WARN_BOOL_CONVERSION = YES;
				CLANG_WARN_CONSTANT_CONVERSION = YES;
				CLANG_WARN_DIRECT_OBJC_ISA_USAGE = YES_ERROR;
				CLANG_WARN_EMPTY_BODY = YES;
				CLANG_WARN_ENUM_CONVERSION = YES;
				CLANG_WARN_INT_CONVERSION = YES;
				CLANG_WARN_OBJC_ROOT_CLASS = YES_ERROR;
				CLANG_WARN_UNREACHABLE_CODE = YES;
				CLANG_WARN__DUPLICATE_METHOD_MATCH = YES;
				"CODE_SIGN_IDENTITY[sdk=iphoneos*]" = "iPhone Developer";
				COPY_PHASE_STRIP = NO;
				DEBUG_INFORMATION_FORMAT = dwarf;
				ENABLE_STRICT_OBJC_MSGSEND = YES;
				ENABLE_TESTABILITY = YES;
				GCC_C_LANGUAGE_STANDARD = gnu99;
				GCC_DYNAMIC_NO_PIC = NO;
				GCC_NO_COMMON_BLOCKS = YES;
				GCC_OPTIMIZATION_LEVEL = 0;
				GCC_PREPROCESSOR_DEFINITIONS = (
					"DEBUG=1",
					"$(inherited)",
				);
				GCC_WARN_64_TO_32_BIT_CONVERSION = YES;
				GCC_WARN_ABOUT_RETURN_TYPE = YES_ERROR;
				GCC_WARN_UNDECLARED_SELECTOR = YES;
				GCC_WARN_UNINITIALIZED_AUTOS = YES_AGGRESSIVE;
				GCC_WARN_UNUSED_FUNCTION = YES;
				GCC_WARN_UNUSED_VARIABLE = YES;
				IPHONEOS_DEPLOYMENT_TARGET = 9.2;
				MTL_ENABLE_DEBUG_INFO = YES;
				ONLY_ACTIVE_ARCH = YES;
				SDKROOT = iphoneos;
				TARGETED_DEVICE_FAMILY = "1,2";
			};
			name = Debug;
		};
		6519B08D1CE6200000DD1CDD /* Release */ = {
			isa = XCBuildConfiguration;
			buildSettings = {
				ALWAYS_SEARCH_USER_PATHS = NO;
				CLANG_CXX_LANGUAGE_STANDARD = "gnu++0x";
				CLANG_CXX_LIBRARY = "libc++";
				CLANG_ENABLE_MODULES = YES;
				CLANG_ENABLE_OBJC_ARC = YES;
				CLANG_WARN_BOOL_CONVERSION = YES;
				CLANG_WARN_CONSTANT_CONVERSION = YES;
				CLANG_WARN_DIRECT_OBJC_ISA_USAGE = YES_ERROR;
				CLANG_WARN_EMPTY_BODY = YES;
				CLANG_WARN_ENUM_CONVERSION = YES;
				CLANG_WARN_INT_CONVERSION = YES;
				CLANG_WARN_OBJC_ROOT_CLASS = YES_ERROR;
				CLANG_WARN_UNREACHABLE_CODE = YES;
				CLANG_WARN__DUPLICATE_METHOD_MATCH = YES;
				"CODE_SIGN_IDENTITY[sdk=iphoneos*]" = "iPhone Developer";
				COPY_PHASE_STRIP = NO;
				DEBUG_INFORMATION_FORMAT = "dwarf-with-dsym";
				ENABLE_NS_ASSERTIONS = NO;
				ENABLE_STRICT_OBJC_MSGSEND = YES;
				GCC_C_LANGUAGE_STANDARD = gnu99;
				GCC_NO_COMMON_BLOCKS = YES;
				GCC_WARN_64_TO_32_BIT_CONVERSION = YES;
				GCC_WARN_ABOUT_RETURN_TYPE = YES_ERROR;
				GCC_WARN_UNDECLARED_SELECTOR = YES;
				GCC_WARN_UNINITIALIZED_AUTOS = YES_AGGRESSIVE;
				GCC_WARN_UNUSED_FUNCTION = YES;
				GCC_WARN_UNUSED_VARIABLE = YES;
				IPHONEOS_DEPLOYMENT_TARGET = 9.2;
				MTL_ENABLE_DEBUG_INFO = NO;
				SDKROOT = iphoneos;
				TARGETED_DEVICE_FAMILY = "1,2";
				VALIDATE_PRODUCT = YES;
			};
			name = Release;
		};
		6519B08F1CE6200000DD1CDD /* Debug */ = {
			isa = XCBuildConfiguration;
			buildSettings = {
				ASSETCATALOG_COMPILER_APPICON_NAME = AppIcon;
				INFOPLIST_FILE = "DL百思不得姐/Info.plist";
				LD_RUNPATH_SEARCH_PATHS = "$(inherited) @executable_path/Frameworks";
				PRODUCT_BUNDLE_IDENTIFIER = "org.id.DL-----";
				PRODUCT_NAME = "$(TARGET_NAME)";
			};
			name = Debug;
		};
		6519B0901CE6200000DD1CDD /* Release */ = {
			isa = XCBuildConfiguration;
			buildSettings = {
				ASSETCATALOG_COMPILER_APPICON_NAME = AppIcon;
				INFOPLIST_FILE = "DL百思不得姐/Info.plist";
				LD_RUNPATH_SEARCH_PATHS = "$(inherited) @executable_path/Frameworks";
				PRODUCT_BUNDLE_IDENTIFIER = "org.id.DL-----";
				PRODUCT_NAME = "$(TARGET_NAME)";
			};
			name = Release;
		};
		6519B0921CE6200000DD1CDD /* Debug */ = {
			isa = XCBuildConfiguration;
			buildSettings = {
				BUNDLE_LOADER = "$(TEST_HOST)";
				INFOPLIST_FILE = "DL百思不得姐Tests/Info.plist";
				LD_RUNPATH_SEARCH_PATHS = "$(inherited) @executable_path/Frameworks @loader_path/Frameworks";
				PRODUCT_BUNDLE_IDENTIFIER = "org.id.DL-----Tests";
				PRODUCT_NAME = "$(TARGET_NAME)";
				TEST_HOST = "$(BUILT_PRODUCTS_DIR)/DL百思不得姐.app/DL百思不得姐";
			};
			name = Debug;
		};
		6519B0931CE6200000DD1CDD /* Release */ = {
			isa = XCBuildConfiguration;
			buildSettings = {
				BUNDLE_LOADER = "$(TEST_HOST)";
				INFOPLIST_FILE = "DL百思不得姐Tests/Info.plist";
				LD_RUNPATH_SEARCH_PATHS = "$(inherited) @executable_path/Frameworks @loader_path/Frameworks";
				PRODUCT_BUNDLE_IDENTIFIER = "org.id.DL-----Tests";
				PRODUCT_NAME = "$(TARGET_NAME)";
				TEST_HOST = "$(BUILT_PRODUCTS_DIR)/DL百思不得姐.app/DL百思不得姐";
			};
			name = Release;
		};
		6519B0951CE6200000DD1CDD /* Debug */ = {
			isa = XCBuildConfiguration;
			buildSettings = {
				INFOPLIST_FILE = "DL百思不得姐UITests/Info.plist";
				LD_RUNPATH_SEARCH_PATHS = "$(inherited) @executable_path/Frameworks @loader_path/Frameworks";
				PRODUCT_BUNDLE_IDENTIFIER = "org.id.DL-----UITests";
				PRODUCT_NAME = "$(TARGET_NAME)";
				TEST_TARGET_NAME = "DL百思不得姐";
				USES_XCTRUNNER = YES;
			};
			name = Debug;
		};
		6519B0961CE6200000DD1CDD /* Release */ = {
			isa = XCBuildConfiguration;
			buildSettings = {
				INFOPLIST_FILE = "DL百思不得姐UITests/Info.plist";
				LD_RUNPATH_SEARCH_PATHS = "$(inherited) @executable_path/Frameworks @loader_path/Frameworks";
				PRODUCT_BUNDLE_IDENTIFIER = "org.id.DL-----UITests";
				PRODUCT_NAME = "$(TARGET_NAME)";
				TEST_TARGET_NAME = "DL百思不得姐";
				USES_XCTRUNNER = YES;
			};
			name = Release;
		};
/* End XCBuildConfiguration section */

/* Begin XCConfigurationList section */
		6519B05C1CE61FFF00DD1CDD /* Build configuration list for PBXProject "DL百思不得姐" */ = {
			isa = XCConfigurationList;
			buildConfigurations = (
				6519B08C1CE6200000DD1CDD /* Debug */,
				6519B08D1CE6200000DD1CDD /* Release */,
			);
			defaultConfigurationIsVisible = 0;
			defaultConfigurationName = Release;
		};
		6519B08E1CE6200000DD1CDD /* Build configuration list for PBXNativeTarget "DL百思不得姐" */ = {
			isa = XCConfigurationList;
			buildConfigurations = (
				6519B08F1CE6200000DD1CDD /* Debug */,
				6519B0901CE6200000DD1CDD /* Release */,
			);
			defaultConfigurationIsVisible = 0;
		};
		6519B0911CE6200000DD1CDD /* Build configuration list for PBXNativeTarget "DL百思不得姐Tests" */ = {
			isa = XCConfigurationList;
			buildConfigurations = (
				6519B0921CE6200000DD1CDD /* Debug */,
				6519B0931CE6200000DD1CDD /* Release */,
			);
			defaultConfigurationIsVisible = 0;
		};
		6519B0941CE6200000DD1CDD /* Build configuration list for PBXNativeTarget "DL百思不得姐UITests" */ = {
			isa = XCConfigurationList;
			buildConfigurations = (
				6519B0951CE6200000DD1CDD /* Debug */,
				6519B0961CE6200000DD1CDD /* Release */,
			);
			defaultConfigurationIsVisible = 0;
		};
/* End XCConfigurationList section */
	};
	rootObject = 6519B0591CE61FFF00DD1CDD /* Project object */;
}
